
Microsoft Visual Studio Solution File, Format Version 12.00
# Visual Studio 15
VisualStudioVersion = 15.0.28010.2046
MinimumVisualStudioVersion = 10.0.40219.1
Project("{FAE04EC0-301F-11D3-BF4B-00C04F79EFBC}") = "EserciziNatale", "EserciziNatale\EserciziNatale.csproj", "{B12B40F6-BDC1-4EC1-89B5-D6E70F128666}"
EndProject
Global
	GlobalSection(SolutionConfigurationPlatforms) = preSolution
		Debug|Any CPU = Debug|Any CPU
		Release|Any CPU = Release|Any CPU
	EndGlobalSection
	GlobalSection(ProjectConfigurationPlatforms) = postSolution
		{B12B40F6-BDC1-4EC1-89B5-D6E70F128666}.Debug|Any CPU.ActiveCfg = Debug|Any CPU
		{B12B40F6-BDC1-4EC1-89B5-D6E70F128666}.Debug|Any CPU.Build.0 = Debug|Any CPU
		{B12B40F6-BDC1-4EC1-89B5-D6E70F128666}.Release|Any CPU.ActiveCfg = Release|Any CPU
		{B12B40F6-BDC1-4EC1-89B5-D6E70F128666}.Release|Any CPU.Build.0 = Release|Any CPU
	EndGlobalSection
	GlobalSection(SolutionProperties) = preSolution
		HideSolutionNode = FALSE
	EndGlobalSection
	GlobalSection(ExtensibilityGlobals) = postSolution
		SolutionGuid = {F14AB097-DE72-4308-8A1E-ABF5792A7EC3}
	EndGlobalSection
EndGlobal
